
Microsoft Visual Studio Solution File, Format Version 12.00
# Visual Studio Version 18
VisualStudioVersion = 18.6.11822.322
MinimumVisualStudioVersion = 10.0.40219.1
Project("{FAE04EC0-301F-11D3-BF4B-00C04F79EFBC}") = "IdentificadorDeImagem", "IdentificadorDeImagem.csproj", "{36823F7C-2EAC-CA83-4482-A5DE34795E82}"
EndProject
Global
	GlobalSection(SolutionConfigurationPlatforms) = preSolution
		Debug|Any CPU = Debug|Any CPU
		Release|Any CPU = Release|Any CPU
	EndGlobalSection
	GlobalSection(ProjectConfigurationPlatforms) = postSolution
		{36823F7C-2EAC-CA83-4482-A5DE34795E82}.Debug|Any CPU.ActiveCfg = Debug|Any CPU
		{36823F7C-2EAC-CA83-4482-A5DE34795E82}.Debug|Any CPU.Build.0 = Debug|Any CPU
		{36823F7C-2EAC-CA83-4482-A5DE34795E82}.Release|Any CPU.ActiveCfg = Release|Any CPU
		{36823F7C-2EAC-CA83-4482-A5DE34795E82}.Release|Any CPU.Build.0 = Release|Any CPU
	EndGlobalSection
	GlobalSection(SolutionProperties) = preSolution
		HideSolutionNode = FALSE
	EndGlobalSection
	GlobalSection(ExtensibilityGlobals) = postSolution
		SolutionGuid = {D454F4C0-EF5E-400F-8603-1A45F3869AA0}
	EndGlobalSection
EndGlobal
